
Microsoft Visual Studio Solution File, Format Version 12.00
# Visual Studio Version 17
VisualStudioVersion = 17.0.32228.444
MinimumVisualStudioVersion = 10.0.40219.1
Project("{FAE04EC0-301F-11D3-BF4B-00C04F79EFBC}") = "CalcServer", "CalcServer\CalcServer.csproj", "{3360ABEF-51FF-447F-ABD2-1D99AD448737}"
EndProject
Project("{FAE04EC0-301F-11D3-BF4B-00C04F79EFBC}") = "CalcClient", "CalcClient\CalcClient.csproj", "{3B25525B-F55D-48EB-85E2-67C68CB71390}"
EndProject
Project("{FAE04EC0-301F-11D3-BF4B-00C04F79EFBC}") = "CalcInterfaces", "CalcInterfaces\CalcInterfaces.csproj", "{67A341C6-B5AD-4C17-8773-113D9DDAA15B}"
EndProject
Global
	GlobalSection(SolutionConfigurationPlatforms) = preSolution
		Debug|Any CPU = Debug|Any CPU
		Release|Any CPU = Release|Any CPU
	EndGlobalSection
	GlobalSection(ProjectConfigurationPlatforms) = postSolution
		{3360ABEF-51FF-447F-ABD2-1D99AD448737}.Debug|Any CPU.ActiveCfg = Debug|Any CPU
		{3360ABEF-51FF-447F-ABD2-1D99AD448737}.Debug|Any CPU.Build.0 = Debug|Any CPU
		{3360ABEF-51FF-447F-ABD2-1D99AD448737}.Release|Any CPU.ActiveCfg = Release|Any CPU
		{3360ABEF-51FF-447F-ABD2-1D99AD448737}.Release|Any CPU.Build.0 = Release|Any CPU
		{3B25525B-F55D-48EB-85E2-67C68CB71390}.Debug|Any CPU.ActiveCfg = Debug|Any CPU
		{3B25525B-F55D-48EB-85E2-67C68CB71390}.Debug|Any CPU.Build.0 = Debug|Any CPU
		{3B25525B-F55D-48EB-85E2-67C68CB71390}.Release|Any CPU.ActiveCfg = Release|Any CPU
		{3B25525B-F55D-48EB-85E2-67C68CB71390}.Release|Any CPU.Build.0 = Release|Any CPU
		{67A341C6-B5AD-4C17-8773-113D9DDAA15B}.Debug|Any CPU.ActiveCfg = Debug|Any CPU
		{67A341C6-B5AD-4C17-8773-113D9DDAA15B}.Debug|Any CPU.Build.0 = Debug|Any CPU
		{67A341C6-B5AD-4C17-8773-113D9DDAA15B}.Release|Any CPU.ActiveCfg = Release|Any CPU
		{67A341C6-B5AD-4C17-8773-113D9DDAA15B}.Release|Any CPU.Build.0 = Release|Any CPU
	EndGlobalSection
	GlobalSection(SolutionProperties) = preSolution
		HideSolutionNode = FALSE
	EndGlobalSection
	GlobalSection(ExtensibilityGlobals) = postSolution
		SolutionGuid = {DAFCD6C7-2744-4633-97AE-38036807CC8D}
	EndGlobalSection
EndGlobal
